
Microsoft Visual Studio Solution File, Format Version 12.00
Project("{2150E333-8FDC-42A3-9474-1A3956D46DE8}") = "src", "src", "{A4246409-2021-4F9A-A20C-A088727AE47C}"
EndProject
Project("{FAE04EC0-301F-11D3-BF4B-00C04F79EFBC}") = "QuizArena.Domain", "QuizArena.Domain\QuizArena.Domain.csproj", "{B6BE681D-10DA-4556-A15F-672DF769C3C0}"
EndProject
Project("{FAE04EC0-301F-11D3-BF4B-00C04F79EFBC}") = "QuizArena.Application", "QuizArena.Application\QuizArena.Application.csproj", "{B0F5446E-E244-45A9-960B-46D5214504A7}"
EndProject
Global
	GlobalSection(SolutionConfigurationPlatforms) = preSolution
		Debug|Any CPU = Debug|Any CPU
		Release|Any CPU = Release|Any CPU
	EndGlobalSection
	GlobalSection(ProjectConfigurationPlatforms) = postSolution
		{B6BE681D-10DA-4556-A15F-672DF769C3C0}.Debug|Any CPU.ActiveCfg = Debug|Any CPU
		{B6BE681D-10DA-4556-A15F-672DF769C3C0}.Debug|Any CPU.Build.0 = Debug|Any CPU
		{B6BE681D-10DA-4556-A15F-672DF769C3C0}.Release|Any CPU.ActiveCfg = Release|Any CPU
		{B6BE681D-10DA-4556-A15F-672DF769C3C0}.Release|Any CPU.Build.0 = Release|Any CPU
		{B0F5446E-E244-45A9-960B-46D5214504A7}.Debug|Any CPU.ActiveCfg = Debug|Any CPU
		{B0F5446E-E244-45A9-960B-46D5214504A7}.Debug|Any CPU.Build.0 = Debug|Any CPU
		{B0F5446E-E244-45A9-960B-46D5214504A7}.Release|Any CPU.ActiveCfg = Release|Any CPU
		{B0F5446E-E244-45A9-960B-46D5214504A7}.Release|Any CPU.Build.0 = Release|Any CPU
	EndGlobalSection
	GlobalSection(NestedProjects) = preSolution
		{B6BE681D-10DA-4556-A15F-672DF769C3C0} = {A4246409-2021-4F9A-A20C-A088727AE47C}
		{B0F5446E-E244-45A9-960B-46D5214504A7} = {A4246409-2021-4F9A-A20C-A088727AE47C}
	EndGlobalSection
EndGlobal
