
Microsoft Visual Studio Solution File, Format Version 12.00
Project("{2150E333-8FDC-42A3-9474-1A3956D46DE8}") = "Core", "src\Core", "{FBF56CC3-7AE6-AD2D-3F14-7F97FD322CD6}"
EndProject
Project("{FAE04EC0-301F-11D3-BF4B-00C04F79EFBC}") = "QuizArena.Domain", "src\Core\QuizArena.Domain\QuizArena.Domain.csproj", "{D69D44FF-0565-4B69-BC3F-8087B00E1654}"
EndProject
Project("{FAE04EC0-301F-11D3-BF4B-00C04F79EFBC}") = "QuizArena.Application", "src\Core\QuizArena.Application\QuizArena.Application.csproj", "{B60ABFEA-46AC-4F7D-A11C-CD493856580B}"
EndProject
Project("{2150E333-8FDC-42A3-9474-1A3956D46DE8}") = "External", "External", "{83D53C55-6691-4C61-8C1C-AE585220683D}"
EndProject
Project("{FAE04EC0-301F-11D3-BF4B-00C04F79EFBC}") = "QuizArena.Persistance", "QuizArena.Persistance\QuizArena.Persistance.csproj", "{DB093765-BF54-492B-998A-48F6057A9201}"
EndProject
Project("{FAE04EC0-301F-11D3-BF4B-00C04F79EFBC}") = "QuizArena.Presentation", "QuizArena.Presentation\QuizArena.Presentation.csproj", "{3C272EB8-8375-4511-B9B4-61CC6D7AD3C6}"
EndProject
Project("{FAE04EC0-301F-11D3-BF4B-00C04F79EFBC}") = "QuizArena.Infrasturcture", "QuizArena.Infrasturcture\QuizArena.Infrasturcture.csproj", "{91384C03-3D84-4C12-91AE-18E6A9C344DB}"
EndProject
Project("{FAE04EC0-301F-11D3-BF4B-00C04F79EFBC}") = "QuizArena.WebAPI", "QuizArena.WebAPI\QuizArena.WebAPI.csproj", "{4217B019-30B6-4C55-920C-664123339C18}"
EndProject
Global
	GlobalSection(SolutionConfigurationPlatforms) = preSolution
		Debug|Any CPU = Debug|Any CPU
		Debug|x64 = Debug|x64
		Debug|x86 = Debug|x86
		Release|Any CPU = Release|Any CPU
		Release|x64 = Release|x64
		Release|x86 = Release|x86
	EndGlobalSection
	GlobalSection(ProjectConfigurationPlatforms) = postSolution
		{D69D44FF-0565-4B69-BC3F-8087B00E1654}.Debug|Any CPU.ActiveCfg = Debug|Any CPU
		{D69D44FF-0565-4B69-BC3F-8087B00E1654}.Debug|Any CPU.Build.0 = Debug|Any CPU
		{D69D44FF-0565-4B69-BC3F-8087B00E1654}.Debug|x64.ActiveCfg = Debug|Any CPU
		{D69D44FF-0565-4B69-BC3F-8087B00E1654}.Debug|x64.Build.0 = Debug|Any CPU
		{D69D44FF-0565-4B69-BC3F-8087B00E1654}.Debug|x86.ActiveCfg = Debug|Any CPU
		{D69D44FF-0565-4B69-BC3F-8087B00E1654}.Debug|x86.Build.0 = Debug|Any CPU
		{D69D44FF-0565-4B69-BC3F-8087B00E1654}.Release|Any CPU.ActiveCfg = Release|Any CPU
		{D69D44FF-0565-4B69-BC3F-8087B00E1654}.Release|Any CPU.Build.0 = Release|Any CPU
		{D69D44FF-0565-4B69-BC3F-8087B00E1654}.Release|x64.ActiveCfg = Release|Any CPU
		{D69D44FF-0565-4B69-BC3F-8087B00E1654}.Release|x64.Build.0 = Release|Any CPU
		{D69D44FF-0565-4B69-BC3F-8087B00E1654}.Release|x86.ActiveCfg = Release|Any CPU
		{D69D44FF-0565-4B69-BC3F-8087B00E1654}.Release|x86.Build.0 = Release|Any CPU
		{B60ABFEA-46AC-4F7D-A11C-CD493856580B}.Debug|Any CPU.ActiveCfg = Debug|Any CPU
		{B60ABFEA-46AC-4F7D-A11C-CD493856580B}.Debug|Any CPU.Build.0 = Debug|Any CPU
		{B60ABFEA-46AC-4F7D-A11C-CD493856580B}.Debug|x64.ActiveCfg = Debug|Any CPU
		{B60ABFEA-46AC-4F7D-A11C-CD493856580B}.Debug|x64.Build.0 = Debug|Any CPU
		{B60ABFEA-46AC-4F7D-A11C-CD493856580B}.Debug|x86.ActiveCfg = Debug|Any CPU
		{B60ABFEA-46AC-4F7D-A11C-CD493856580B}.Debug|x86.Build.0 = Debug|Any CPU
		{B60ABFEA-46AC-4F7D-A11C-CD493856580B}.Release|Any CPU.ActiveCfg = Release|Any CPU
		{B60ABFEA-46AC-4F7D-A11C-CD493856580B}.Release|Any CPU.Build.0 = Release|Any CPU
		{B60ABFEA-46AC-4F7D-A11C-CD493856580B}.Release|x64.ActiveCfg = Release|Any CPU
		{B60ABFEA-46AC-4F7D-A11C-CD493856580B}.Release|x64.Build.0 = Release|Any CPU
		{B60ABFEA-46AC-4F7D-A11C-CD493856580B}.Release|x86.ActiveCfg = Release|Any CPU
		{B60ABFEA-46AC-4F7D-A11C-CD493856580B}.Release|x86.Build.0 = Release|Any CPU
		{DB093765-BF54-492B-998A-48F6057A9201}.Debug|Any CPU.ActiveCfg = Debug|Any CPU
		{DB093765-BF54-492B-998A-48F6057A9201}.Debug|Any CPU.Build.0 = Debug|Any CPU
		{DB093765-BF54-492B-998A-48F6057A9201}.Debug|x64.ActiveCfg = Debug|Any CPU
		{DB093765-BF54-492B-998A-48F6057A9201}.Debug|x64.Build.0 = Debug|Any CPU
		{DB093765-BF54-492B-998A-48F6057A9201}.Debug|x86.ActiveCfg = Debug|Any CPU
		{DB093765-BF54-492B-998A-48F6057A9201}.Debug|x86.Build.0 = Debug|Any CPU
		{DB093765-BF54-492B-998A-48F6057A9201}.Release|Any CPU.ActiveCfg = Release|Any CPU
		{DB093765-BF54-492B-998A-48F6057A9201}.Release|Any CPU.Build.0 = Release|Any CPU
		{DB093765-BF54-492B-998A-48F6057A9201}.Release|x64.ActiveCfg = Release|Any CPU
		{DB093765-BF54-492B-998A-48F6057A9201}.Release|x64.Build.0 = Release|Any CPU
		{DB093765-BF54-492B-998A-48F6057A9201}.Release|x86.ActiveCfg = Release|Any CPU
		{DB093765-BF54-492B-998A-48F6057A9201}.Release|x86.Build.0 = Release|Any CPU
		{3C272EB8-8375-4511-B9B4-61CC6D7AD3C6}.Debug|Any CPU.ActiveCfg = Debug|Any CPU
		{3C272EB8-8375-4511-B9B4-61CC6D7AD3C6}.Debug|Any CPU.Build.0 = Debug|Any CPU
		{3C272EB8-8375-4511-B9B4-61CC6D7AD3C6}.Debug|x64.ActiveCfg = Debug|Any CPU
		{3C272EB8-8375-4511-B9B4-61CC6D7AD3C6}.Debug|x64.Build.0 = Debug|Any CPU
		{3C272EB8-8375-4511-B9B4-61CC6D7AD3C6}.Debug|x86.ActiveCfg = Debug|Any CPU
		{3C272EB8-8375-4511-B9B4-61CC6D7AD3C6}.Debug|x86.Build.0 = Debug|Any CPU
		{3C272EB8-8375-4511-B9B4-61CC6D7AD3C6}.Release|Any CPU.ActiveCfg = Release|Any CPU
		{3C272EB8-8375-4511-B9B4-61CC6D7AD3C6}.Release|Any CPU.Build.0 = Release|Any CPU
		{3C272EB8-8375-4511-B9B4-61CC6D7AD3C6}.Release|x64.ActiveCfg = Release|Any CPU
		{3C272EB8-8375-4511-B9B4-61CC6D7AD3C6}.Release|x64.Build.0 = Release|Any CPU
		{3C272EB8-8375-4511-B9B4-61CC6D7AD3C6}.Release|x86.ActiveCfg = Release|Any CPU
		{3C272EB8-8375-4511-B9B4-61CC6D7AD3C6}.Release|x86.Build.0 = Release|Any CPU
		{91384C03-3D84-4C12-91AE-18E6A9C344DB}.Debug|Any CPU.ActiveCfg = Debug|Any CPU
		{91384C03-3D84-4C12-91AE-18E6A9C344DB}.Debug|Any CPU.Build.0 = Debug|Any CPU
		{91384C03-3D84-4C12-91AE-18E6A9C344DB}.Debug|x64.ActiveCfg = Debug|Any CPU
		{91384C03-3D84-4C12-91AE-18E6A9C344DB}.Debug|x64.Build.0 = Debug|Any CPU
		{91384C03-3D84-4C12-91AE-18E6A9C344DB}.Debug|x86.ActiveCfg = Debug|Any CPU
		{91384C03-3D84-4C12-91AE-18E6A9C344DB}.Debug|x86.Build.0 = Debug|Any CPU
		{91384C03-3D84-4C12-91AE-18E6A9C344DB}.Release|Any CPU.ActiveCfg = Release|Any CPU
		{91384C03-3D84-4C12-91AE-18E6A9C344DB}.Release|Any CPU.Build.0 = Release|Any CPU
		{91384C03-3D84-4C12-91AE-18E6A9C344DB}.Release|x64.ActiveCfg = Release|Any CPU
		{91384C03-3D84-4C12-91AE-18E6A9C344DB}.Release|x64.Build.0 = Release|Any CPU
		{91384C03-3D84-4C12-91AE-18E6A9C344DB}.Release|x86.ActiveCfg = Release|Any CPU
		{91384C03-3D84-4C12-91AE-18E6A9C344DB}.Release|x86.Build.0 = Release|Any CPU
		{4217B019-30B6-4C55-920C-664123339C18}.Debug|Any CPU.ActiveCfg = Debug|Any CPU
		{4217B019-30B6-4C55-920C-664123339C18}.Debug|Any CPU.Build.0 = Debug|Any CPU
		{4217B019-30B6-4C55-920C-664123339C18}.Debug|x64.ActiveCfg = Debug|Any CPU
		{4217B019-30B6-4C55-920C-664123339C18}.Debug|x64.Build.0 = Debug|Any CPU
		{4217B019-30B6-4C55-920C-664123339C18}.Debug|x86.ActiveCfg = Debug|Any CPU
		{4217B019-30B6-4C55-920C-664123339C18}.Debug|x86.Build.0 = Debug|Any CPU
		{4217B019-30B6-4C55-920C-664123339C18}.Release|Any CPU.ActiveCfg = Release|Any CPU
		{4217B019-30B6-4C55-920C-664123339C18}.Release|Any CPU.Build.0 = Release|Any CPU
		{4217B019-30B6-4C55-920C-664123339C18}.Release|x64.ActiveCfg = Release|Any CPU
		{4217B019-30B6-4C55-920C-664123339C18}.Release|x64.Build.0 = Release|Any CPU
		{4217B019-30B6-4C55-920C-664123339C18}.Release|x86.ActiveCfg = Release|Any CPU
		{4217B019-30B6-4C55-920C-664123339C18}.Release|x86.Build.0 = Release|Any CPU
	EndGlobalSection
	GlobalSection(SolutionProperties) = preSolution
		HideSolutionNode = FALSE
	EndGlobalSection
	GlobalSection(NestedProjects) = preSolution
		{D69D44FF-0565-4B69-BC3F-8087B00E1654} = {FBF56CC3-7AE6-AD2D-3F14-7F97FD322CD6}
		{B60ABFEA-46AC-4F7D-A11C-CD493856580B} = {FBF56CC3-7AE6-AD2D-3F14-7F97FD322CD6}
		{DB093765-BF54-492B-998A-48F6057A9201} = {83D53C55-6691-4C61-8C1C-AE585220683D}
		{3C272EB8-8375-4511-B9B4-61CC6D7AD3C6} = {83D53C55-6691-4C61-8C1C-AE585220683D}
		{91384C03-3D84-4C12-91AE-18E6A9C344DB} = {83D53C55-6691-4C61-8C1C-AE585220683D}
	EndGlobalSection
EndGlobal
